
Microsoft Visual Studio Solution File, Format Version 12.00
# Visual Studio Version 16
VisualStudioVersion = 16.0.30413.136
MinimumVisualStudioVersion = 10.0.40219.1
Project("{FAE04EC0-301F-11D3-BF4B-00C04F79EFBC}") = "Newton Converter Application", "Newton Converter Application\Newton Converter Application.csproj", "{3A8CF92C-6753-4FF6-860F-39E1F27F9430}"
EndProject
Global
	GlobalSection(SolutionConfigurationPlatforms) = preSolution
		Debug|Any CPU = Debug|Any CPU
		Release|Any CPU = Release|Any CPU
	EndGlobalSection
	GlobalSection(ProjectConfigurationPlatforms) = postSolution
		{3A8CF92C-6753-4FF6-860F-39E1F27F9430}.Debug|Any CPU.ActiveCfg = Debug|Any CPU
		{3A8CF92C-6753-4FF6-860F-39E1F27F9430}.Debug|Any CPU.Build.0 = Debug|Any CPU
		{3A8CF92C-6753-4FF6-860F-39E1F27F9430}.Release|Any CPU.ActiveCfg = Release|Any CPU
		{3A8CF92C-6753-4FF6-860F-39E1F27F9430}.Release|Any CPU.Build.0 = Release|Any CPU
	EndGlobalSection
	GlobalSection(SolutionProperties) = preSolution
		HideSolutionNode = FALSE
	EndGlobalSection
	GlobalSection(ExtensibilityGlobals) = postSolution
		SolutionGuid = {5C0AB146-1845-47F9-94BF-46F32A4D5A5E}
	EndGlobalSection
EndGlobal
