
Microsoft Visual Studio Solution File, Format Version 12.00
# Visual Studio Version 16
VisualStudioVersion = 16.0.30413.136
MinimumVisualStudioVersion = 10.0.40219.1
Project("{FAE04EC0-301F-11D3-BF4B-00C04F79EFBC}") = "PayIncrease", "PayIncrease\PayIncrease.csproj", "{CC949477-9ABD-4938-9519-26C4F385ABEF}"
EndProject
Global
	GlobalSection(SolutionConfigurationPlatforms) = preSolution
		Debug|Any CPU = Debug|Any CPU
		Release|Any CPU = Release|Any CPU
	EndGlobalSection
	GlobalSection(ProjectConfigurationPlatforms) = postSolution
		{CC949477-9ABD-4938-9519-26C4F385ABEF}.Debug|Any CPU.ActiveCfg = Debug|Any CPU
		{CC949477-9ABD-4938-9519-26C4F385ABEF}.Debug|Any CPU.Build.0 = Debug|Any CPU
		{CC949477-9ABD-4938-9519-26C4F385ABEF}.Release|Any CPU.ActiveCfg = Release|Any CPU
		{CC949477-9ABD-4938-9519-26C4F385ABEF}.Release|Any CPU.Build.0 = Release|Any CPU
	EndGlobalSection
	GlobalSection(SolutionProperties) = preSolution
		HideSolutionNode = FALSE
	EndGlobalSection
	GlobalSection(ExtensibilityGlobals) = postSolution
		SolutionGuid = {EF2CF808-5576-4B8C-92B5-C63C407E25CA}
	EndGlobalSection
EndGlobal
